
Microsoft Visual Studio Solution File, Format Version 12.00
# Visual Studio Version 17
VisualStudioVersion = 17.13.35919.96 d17.13
MinimumVisualStudioVersion = 10.0.40219.1
Project("{FAE04EC0-301F-11D3-BF4B-00C04F79EFBC}") = "tpmodul8-2311104065", "tpmodul8-2311104065\tpmodul8-2311104065.csproj", "{F797E555-243B-445C-BB5C-A4E39581BC2C}"
EndProject
Global
	GlobalSection(SolutionConfigurationPlatforms) = preSolution
		Debug|Any CPU = Debug|Any CPU
		Release|Any CPU = Release|Any CPU
	EndGlobalSection
	GlobalSection(ProjectConfigurationPlatforms) = postSolution
		{F797E555-243B-445C-BB5C-A4E39581BC2C}.Debug|Any CPU.ActiveCfg = Debug|Any CPU
		{F797E555-243B-445C-BB5C-A4E39581BC2C}.Debug|Any CPU.Build.0 = Debug|Any CPU
		{F797E555-243B-445C-BB5C-A4E39581BC2C}.Release|Any CPU.ActiveCfg = Release|Any CPU
		{F797E555-243B-445C-BB5C-A4E39581BC2C}.Release|Any CPU.Build.0 = Release|Any CPU
	EndGlobalSection
	GlobalSection(SolutionProperties) = preSolution
		HideSolutionNode = FALSE
	EndGlobalSection
	GlobalSection(ExtensibilityGlobals) = postSolution
		SolutionGuid = {2CFE83B7-AABE-465B-870D-1F939711BDD0}
	EndGlobalSection
EndGlobal
