
Microsoft Visual Studio Solution File, Format Version 12.00
# Visual Studio Version 17
VisualStudioVersion = 17.13.35919.96 d17.13
MinimumVisualStudioVersion = 10.0.40219.1
Project("{FAE04EC0-301F-11D3-BF4B-00C04F79EFBC}") = "guided", "guided\guided.csproj", "{414FEE02-269D-4972-BCB2-E92664D6FB77}"
EndProject
Global
	GlobalSection(SolutionConfigurationPlatforms) = preSolution
		Debug|Any CPU = Debug|Any CPU
		Release|Any CPU = Release|Any CPU
	EndGlobalSection
	GlobalSection(ProjectConfigurationPlatforms) = postSolution
		{414FEE02-269D-4972-BCB2-E92664D6FB77}.Debug|Any CPU.ActiveCfg = Debug|Any CPU
		{414FEE02-269D-4972-BCB2-E92664D6FB77}.Debug|Any CPU.Build.0 = Debug|Any CPU
		{414FEE02-269D-4972-BCB2-E92664D6FB77}.Release|Any CPU.ActiveCfg = Release|Any CPU
		{414FEE02-269D-4972-BCB2-E92664D6FB77}.Release|Any CPU.Build.0 = Release|Any CPU
	EndGlobalSection
	GlobalSection(SolutionProperties) = preSolution
		HideSolutionNode = FALSE
	EndGlobalSection
	GlobalSection(ExtensibilityGlobals) = postSolution
		SolutionGuid = {36E4AD99-8120-4A51-AAE5-873560DBD03B}
	EndGlobalSection
EndGlobal
