
Microsoft Visual Studio Solution File, Format Version 12.00
# Visual Studio Version 17
VisualStudioVersion = 17.13.35919.96 d17.13
MinimumVisualStudioVersion = 10.0.40219.1
Project("{FAE04EC0-301F-11D3-BF4B-00C04F79EFBC}") = "StringLibary", "StringLibary\StringLibary.csproj", "{C0657663-10D7-4194-9A70-A6D65BC45C07}"
EndProject
Project("{FAE04EC0-301F-11D3-BF4B-00C04F79EFBC}") = "ShowCase", "ShowCase\ShowCase.csproj", "{C6A71D17-8091-4FAB-B4F0-4A031A24AF4D}"
EndProject
Global
	GlobalSection(SolutionConfigurationPlatforms) = preSolution
		Debug|Any CPU = Debug|Any CPU
		Release|Any CPU = Release|Any CPU
	EndGlobalSection
	GlobalSection(ProjectConfigurationPlatforms) = postSolution
		{C0657663-10D7-4194-9A70-A6D65BC45C07}.Debug|Any CPU.ActiveCfg = Debug|Any CPU
		{C0657663-10D7-4194-9A70-A6D65BC45C07}.Debug|Any CPU.Build.0 = Debug|Any CPU
		{C0657663-10D7-4194-9A70-A6D65BC45C07}.Release|Any CPU.ActiveCfg = Release|Any CPU
		{C0657663-10D7-4194-9A70-A6D65BC45C07}.Release|Any CPU.Build.0 = Release|Any CPU
		{C6A71D17-8091-4FAB-B4F0-4A031A24AF4D}.Debug|Any CPU.ActiveCfg = Debug|Any CPU
		{C6A71D17-8091-4FAB-B4F0-4A031A24AF4D}.Debug|Any CPU.Build.0 = Debug|Any CPU
		{C6A71D17-8091-4FAB-B4F0-4A031A24AF4D}.Release|Any CPU.ActiveCfg = Release|Any CPU
		{C6A71D17-8091-4FAB-B4F0-4A031A24AF4D}.Release|Any CPU.Build.0 = Release|Any CPU
	EndGlobalSection
	GlobalSection(SolutionProperties) = preSolution
		HideSolutionNode = FALSE
	EndGlobalSection
	GlobalSection(ExtensibilityGlobals) = postSolution
		SolutionGuid = {E3D43D38-0F1B-48AD-B5C5-387E1849FD3B}
	EndGlobalSection
EndGlobal
