
Microsoft Visual Studio Solution File, Format Version 12.00
# Visual Studio Version 17
VisualStudioVersion = 17.13.35919.96
MinimumVisualStudioVersion = 10.0.40219.1
Project("{FAE04EC0-301F-11D3-BF4B-00C04F79EFBC}") = "tpmodul12_2311104065", "tpmodul12_2311104065\tpmodul12_2311104065.csproj", "{7BC7D076-874F-4D72-8A16-E5741F6C7BF9}"
EndProject
Project("{FAE04EC0-301F-11D3-BF4B-00C04F79EFBC}") = "tpmodul12_test", "tpmodul12_test\tpmodul12_test.csproj", "{ECF3E5BC-6A3F-4581-B870-1D84D6C2BE86}"
EndProject
Global
	GlobalSection(SolutionConfigurationPlatforms) = preSolution
		Debug|Any CPU = Debug|Any CPU
		Release|Any CPU = Release|Any CPU
	EndGlobalSection
	GlobalSection(ProjectConfigurationPlatforms) = postSolution
		{7BC7D076-874F-4D72-8A16-E5741F6C7BF9}.Debug|Any CPU.ActiveCfg = Debug|Any CPU
		{7BC7D076-874F-4D72-8A16-E5741F6C7BF9}.Debug|Any CPU.Build.0 = Debug|Any CPU
		{7BC7D076-874F-4D72-8A16-E5741F6C7BF9}.Release|Any CPU.ActiveCfg = Release|Any CPU
		{7BC7D076-874F-4D72-8A16-E5741F6C7BF9}.Release|Any CPU.Build.0 = Release|Any CPU
		{ECF3E5BC-6A3F-4581-B870-1D84D6C2BE86}.Debug|Any CPU.ActiveCfg = Debug|Any CPU
		{ECF3E5BC-6A3F-4581-B870-1D84D6C2BE86}.Debug|Any CPU.Build.0 = Debug|Any CPU
		{ECF3E5BC-6A3F-4581-B870-1D84D6C2BE86}.Release|Any CPU.ActiveCfg = Release|Any CPU
		{ECF3E5BC-6A3F-4581-B870-1D84D6C2BE86}.Release|Any CPU.Build.0 = Release|Any CPU
	EndGlobalSection
	GlobalSection(SolutionProperties) = preSolution
		HideSolutionNode = FALSE
	EndGlobalSection
	GlobalSection(ExtensibilityGlobals) = postSolution
		SolutionGuid = {B001678D-15D7-4B31-8B81-790559F1FA05}
	EndGlobalSection
EndGlobal
