
Microsoft Visual Studio Solution File, Format Version 12.00
# Visual Studio Version 17
VisualStudioVersion = 17.13.35919.96 d17.13
MinimumVisualStudioVersion = 10.0.40219.1
Project("{FAE04EC0-301F-11D3-BF4B-00C04F79EFBC}") = "tpmodul9_2311104065", "tpmodul9_2311104065\tpmodul9_2311104065.csproj", "{46827EC0-1FC4-4517-822A-59FD607C87BB}"
EndProject
Global
	GlobalSection(SolutionConfigurationPlatforms) = preSolution
		Debug|Any CPU = Debug|Any CPU
		Release|Any CPU = Release|Any CPU
	EndGlobalSection
	GlobalSection(ProjectConfigurationPlatforms) = postSolution
		{46827EC0-1FC4-4517-822A-59FD607C87BB}.Debug|Any CPU.ActiveCfg = Debug|Any CPU
		{46827EC0-1FC4-4517-822A-59FD607C87BB}.Debug|Any CPU.Build.0 = Debug|Any CPU
		{46827EC0-1FC4-4517-822A-59FD607C87BB}.Release|Any CPU.ActiveCfg = Release|Any CPU
		{46827EC0-1FC4-4517-822A-59FD607C87BB}.Release|Any CPU.Build.0 = Release|Any CPU
	EndGlobalSection
	GlobalSection(SolutionProperties) = preSolution
		HideSolutionNode = FALSE
	EndGlobalSection
	GlobalSection(ExtensibilityGlobals) = postSolution
		SolutionGuid = {15308E89-9F77-4DA4-9C04-EE80E6AC4080}
	EndGlobalSection
EndGlobal
