
Microsoft Visual Studio Solution File, Format Version 12.00
# Visual Studio Version 17
VisualStudioVersion = 17.13.35919.96 d17.13
MinimumVisualStudioVersion = 10.0.40219.1
Project("{FAE04EC0-301F-11D3-BF4B-00C04F79EFBC}") = "tpmodul8_2311104065", "tpmodul8_2311104065\tpmodul8_2311104065.csproj", "{7A80FF19-7FCE-4B2F-B009-14DF4E3E35EF}"
EndProject
Global
	GlobalSection(SolutionConfigurationPlatforms) = preSolution
		Debug|Any CPU = Debug|Any CPU
		Release|Any CPU = Release|Any CPU
	EndGlobalSection
	GlobalSection(ProjectConfigurationPlatforms) = postSolution
		{7A80FF19-7FCE-4B2F-B009-14DF4E3E35EF}.Debug|Any CPU.ActiveCfg = Debug|Any CPU
		{7A80FF19-7FCE-4B2F-B009-14DF4E3E35EF}.Debug|Any CPU.Build.0 = Debug|Any CPU
		{7A80FF19-7FCE-4B2F-B009-14DF4E3E35EF}.Release|Any CPU.ActiveCfg = Release|Any CPU
		{7A80FF19-7FCE-4B2F-B009-14DF4E3E35EF}.Release|Any CPU.Build.0 = Release|Any CPU
	EndGlobalSection
	GlobalSection(SolutionProperties) = preSolution
		HideSolutionNode = FALSE
	EndGlobalSection
	GlobalSection(ExtensibilityGlobals) = postSolution
		SolutionGuid = {6088E1CA-B834-4B43-9E74-03D918421DFC}
	EndGlobalSection
EndGlobal
