
Microsoft Visual Studio Solution File, Format Version 12.00
# Visual Studio Version 17
VisualStudioVersion = 17.13.35919.96 d17.13
MinimumVisualStudioVersion = 10.0.40219.1
Project("{FAE04EC0-301F-11D3-BF4B-00C04F79EFBC}") = "MatematikaLibraries", "MatematikaLibraries\MatematikaLibraries.csproj", "{EFDC64B2-BBA0-4A7B-A431-2AAF3B03753A}"
EndProject
Project("{FAE04EC0-301F-11D3-BF4B-00C04F79EFBC}") = "Matematika", "Matematika\Matematika.csproj", "{832FF7A8-A88A-4DCF-88D6-4B5F6B24B595}"
EndProject
Global
	GlobalSection(SolutionConfigurationPlatforms) = preSolution
		Debug|Any CPU = Debug|Any CPU
		Release|Any CPU = Release|Any CPU
	EndGlobalSection
	GlobalSection(ProjectConfigurationPlatforms) = postSolution
		{EFDC64B2-BBA0-4A7B-A431-2AAF3B03753A}.Debug|Any CPU.ActiveCfg = Debug|Any CPU
		{EFDC64B2-BBA0-4A7B-A431-2AAF3B03753A}.Debug|Any CPU.Build.0 = Debug|Any CPU
		{EFDC64B2-BBA0-4A7B-A431-2AAF3B03753A}.Release|Any CPU.ActiveCfg = Release|Any CPU
		{EFDC64B2-BBA0-4A7B-A431-2AAF3B03753A}.Release|Any CPU.Build.0 = Release|Any CPU
		{832FF7A8-A88A-4DCF-88D6-4B5F6B24B595}.Debug|Any CPU.ActiveCfg = Debug|Any CPU
		{832FF7A8-A88A-4DCF-88D6-4B5F6B24B595}.Debug|Any CPU.Build.0 = Debug|Any CPU
		{832FF7A8-A88A-4DCF-88D6-4B5F6B24B595}.Release|Any CPU.ActiveCfg = Release|Any CPU
		{832FF7A8-A88A-4DCF-88D6-4B5F6B24B595}.Release|Any CPU.Build.0 = Release|Any CPU
	EndGlobalSection
	GlobalSection(SolutionProperties) = preSolution
		HideSolutionNode = FALSE
	EndGlobalSection
	GlobalSection(ExtensibilityGlobals) = postSolution
		SolutionGuid = {14C89A50-E4C8-46EF-9538-781676E3D412}
	EndGlobalSection
EndGlobal
