
Microsoft Visual Studio Solution File, Format Version 12.00
# Visual Studio Version 17
VisualStudioVersion = 17.13.35919.96 d17.13
MinimumVisualStudioVersion = 10.0.40219.1
Project("{FAE04EC0-301F-11D3-BF4B-00C04F79EFBC}") = "guided_mod12", "guided mod 12\guided_mod12.csproj", "{47D9285B-5B91-4F4B-8486-4D793EA8FDB6}"
EndProject
Project("{FAE04EC0-301F-11D3-BF4B-00C04F79EFBC}") = "unit_test", "unit_test\unit_test.csproj", "{A09FA826-6BF0-4501-A6BF-BC8E7E6430AE}"
EndProject
Global
	GlobalSection(SolutionConfigurationPlatforms) = preSolution
		Debug|Any CPU = Debug|Any CPU
		Release|Any CPU = Release|Any CPU
	EndGlobalSection
	GlobalSection(ProjectConfigurationPlatforms) = postSolution
		{47D9285B-5B91-4F4B-8486-4D793EA8FDB6}.Debug|Any CPU.ActiveCfg = Debug|Any CPU
		{47D9285B-5B91-4F4B-8486-4D793EA8FDB6}.Debug|Any CPU.Build.0 = Debug|Any CPU
		{47D9285B-5B91-4F4B-8486-4D793EA8FDB6}.Release|Any CPU.ActiveCfg = Release|Any CPU
		{47D9285B-5B91-4F4B-8486-4D793EA8FDB6}.Release|Any CPU.Build.0 = Release|Any CPU
		{A09FA826-6BF0-4501-A6BF-BC8E7E6430AE}.Debug|Any CPU.ActiveCfg = Debug|Any CPU
		{A09FA826-6BF0-4501-A6BF-BC8E7E6430AE}.Debug|Any CPU.Build.0 = Debug|Any CPU
		{A09FA826-6BF0-4501-A6BF-BC8E7E6430AE}.Release|Any CPU.ActiveCfg = Release|Any CPU
		{A09FA826-6BF0-4501-A6BF-BC8E7E6430AE}.Release|Any CPU.Build.0 = Release|Any CPU
	EndGlobalSection
	GlobalSection(SolutionProperties) = preSolution
		HideSolutionNode = FALSE
	EndGlobalSection
	GlobalSection(ExtensibilityGlobals) = postSolution
		SolutionGuid = {B218E48A-F478-4C91-8830-52F9E9E4DCE6}
	EndGlobalSection
EndGlobal
